
Microsoft Visual Studio Solution File, Format Version 12.00
# Visual Studio Version 16
VisualStudioVersion = 16.0.30503.244
MinimumVisualStudioVersion = 10.0.40219.1
Project("{FAE04EC0-301F-11D3-BF4B-00C04F79EFBC}") = "EFGetStarted", "EFGetStarted\EFGetStarted.csproj", "{8B8BCEB0-C23C-4390-AE66-0070EA54184D}"
EndProject
Project("{FAE04EC0-301F-11D3-BF4B-00C04F79EFBC}") = "EFStartedWPF", "EFStartedWPF\EFStartedWPF.csproj", "{DDA2C5FB-A032-41E3-AF54-1A12E03A2782}"
EndProject
Project("{FAE04EC0-301F-11D3-BF4B-00C04F79EFBC}") = "EFStartedBusinessLayer", "EFStartedBusinessLayer\EFStartedBusinessLayer.csproj", "{E09C43C8-CF41-494B-A233-78AFB9ED6848}"
EndProject
Global
	GlobalSection(SolutionConfigurationPlatforms) = preSolution
		Debug|Any CPU = Debug|Any CPU
		Release|Any CPU = Release|Any CPU
	EndGlobalSection
	GlobalSection(ProjectConfigurationPlatforms) = postSolution
		{8B8BCEB0-C23C-4390-AE66-0070EA54184D}.Debug|Any CPU.ActiveCfg = Debug|Any CPU
		{8B8BCEB0-C23C-4390-AE66-0070EA54184D}.Debug|Any CPU.Build.0 = Debug|Any CPU
		{8B8BCEB0-C23C-4390-AE66-0070EA54184D}.Release|Any CPU.ActiveCfg = Release|Any CPU
		{8B8BCEB0-C23C-4390-AE66-0070EA54184D}.Release|Any CPU.Build.0 = Release|Any CPU
		{DDA2C5FB-A032-41E3-AF54-1A12E03A2782}.Debug|Any CPU.ActiveCfg = Debug|Any CPU
		{DDA2C5FB-A032-41E3-AF54-1A12E03A2782}.Debug|Any CPU.Build.0 = Debug|Any CPU
		{DDA2C5FB-A032-41E3-AF54-1A12E03A2782}.Release|Any CPU.ActiveCfg = Release|Any CPU
		{DDA2C5FB-A032-41E3-AF54-1A12E03A2782}.Release|Any CPU.Build.0 = Release|Any CPU
		{E09C43C8-CF41-494B-A233-78AFB9ED6848}.Debug|Any CPU.ActiveCfg = Debug|Any CPU
		{E09C43C8-CF41-494B-A233-78AFB9ED6848}.Debug|Any CPU.Build.0 = Debug|Any CPU
		{E09C43C8-CF41-494B-A233-78AFB9ED6848}.Release|Any CPU.ActiveCfg = Release|Any CPU
		{E09C43C8-CF41-494B-A233-78AFB9ED6848}.Release|Any CPU.Build.0 = Release|Any CPU
	EndGlobalSection
	GlobalSection(SolutionProperties) = preSolution
		HideSolutionNode = FALSE
	EndGlobalSection
	GlobalSection(ExtensibilityGlobals) = postSolution
		SolutionGuid = {E3A12894-1653-4D1C-9A1A-3B57C320FF19}
	EndGlobalSection
EndGlobal
